
Microsoft Visual Studio Solution File, Format Version 12.00
# Visual Studio 2015
Project("{FAE04EC0-301F-11D3-BF4B-00C04F79EFBC}") = "MovementTest.CSharp.Plugins", "MovementTest.CSharp.Plugins.csproj", "{940E55BD-6D42-01EB-6285-E31DD4FB3CCC}"
EndProject
Project("{FAE04EC0-301F-11D3-BF4B-00C04F79EFBC}") = "MovementTest.CSharp", "MovementTest.CSharp.csproj", "{1546E7B4-22F0-155E-AC7A-4243F70E418F}"
EndProject
Project("{FAE04EC0-301F-11D3-BF4B-00C04F79EFBC}") = "MovementTest.CSharp.Editor", "MovementTest.CSharp.Editor.csproj", "{4D1A4C61-E9CA-4A59-8E9E-24B0F3A35121}"
EndProject
Global
	GlobalSection(SolutionConfigurationPlatforms) = preSolution
		Debug|Any CPU = Debug|Any CPU
		Release|Any CPU = Release|Any CPU
	EndGlobalSection
	GlobalSection(ProjectConfigurationPlatforms) = postSolution
		{940E55BD-6D42-01EB-6285-E31DD4FB3CCC}.Debug|Any CPU.ActiveCfg = Debug|Any CPU
		{940E55BD-6D42-01EB-6285-E31DD4FB3CCC}.Debug|Any CPU.Build.0 = Debug|Any CPU
		{940E55BD-6D42-01EB-6285-E31DD4FB3CCC}.Release|Any CPU.ActiveCfg = Release|Any CPU
		{940E55BD-6D42-01EB-6285-E31DD4FB3CCC}.Release|Any CPU.Build.0 = Release|Any CPU
		{1546E7B4-22F0-155E-AC7A-4243F70E418F}.Debug|Any CPU.ActiveCfg = Debug|Any CPU
		{1546E7B4-22F0-155E-AC7A-4243F70E418F}.Debug|Any CPU.Build.0 = Debug|Any CPU
		{1546E7B4-22F0-155E-AC7A-4243F70E418F}.Release|Any CPU.ActiveCfg = Release|Any CPU
		{1546E7B4-22F0-155E-AC7A-4243F70E418F}.Release|Any CPU.Build.0 = Release|Any CPU
		{4D1A4C61-E9CA-4A59-8E9E-24B0F3A35121}.Debug|Any CPU.ActiveCfg = Debug|Any CPU
		{4D1A4C61-E9CA-4A59-8E9E-24B0F3A35121}.Debug|Any CPU.Build.0 = Debug|Any CPU
		{4D1A4C61-E9CA-4A59-8E9E-24B0F3A35121}.Release|Any CPU.ActiveCfg = Release|Any CPU
		{4D1A4C61-E9CA-4A59-8E9E-24B0F3A35121}.Release|Any CPU.Build.0 = Release|Any CPU
	EndGlobalSection
	GlobalSection(SolutionProperties) = preSolution
		HideSolutionNode = FALSE
	EndGlobalSection
EndGlobal
